
Microsoft Visual Studio Solution File, Format Version 12.00
# Visual Studio Version 17
VisualStudioVersion = 17.1.32210.238
MinimumVisualStudioVersion = 10.0.40219.1
Project("{8BC9CEB8-8B4A-11D0-8D11-00A0C91BC942}") = "practice_4_1", "practice_4_1\practice_4_1.vcxproj", "{4DFF4470-1D44-4741-B328-376F38A340FE}"
EndProject
Global
	GlobalSection(SolutionConfigurationPlatforms) = preSolution
		Debug|x64 = Debug|x64
		Debug|x86 = Debug|x86
		Release|x64 = Release|x64
		Release|x86 = Release|x86
	EndGlobalSection
	GlobalSection(ProjectConfigurationPlatforms) = postSolution
		{4DFF4470-1D44-4741-B328-376F38A340FE}.Debug|x64.ActiveCfg = Debug|x64
		{4DFF4470-1D44-4741-B328-376F38A340FE}.Debug|x64.Build.0 = Debug|x64
		{4DFF4470-1D44-4741-B328-376F38A340FE}.Debug|x86.ActiveCfg = Debug|Win32
		{4DFF4470-1D44-4741-B328-376F38A340FE}.Debug|x86.Build.0 = Debug|Win32
		{4DFF4470-1D44-4741-B328-376F38A340FE}.Release|x64.ActiveCfg = Release|x64
		{4DFF4470-1D44-4741-B328-376F38A340FE}.Release|x64.Build.0 = Release|x64
		{4DFF4470-1D44-4741-B328-376F38A340FE}.Release|x86.ActiveCfg = Release|Win32
		{4DFF4470-1D44-4741-B328-376F38A340FE}.Release|x86.Build.0 = Release|Win32
	EndGlobalSection
	GlobalSection(SolutionProperties) = preSolution
		HideSolutionNode = FALSE
	EndGlobalSection
	GlobalSection(ExtensibilityGlobals) = postSolution
		SolutionGuid = {28BC5FE7-ABB5-410A-972F-1E6D7B010257}
	EndGlobalSection
EndGlobal
